
Microsoft Visual Studio Solution File, Format Version 12.00
# Visual Studio Version 17
VisualStudioVersion = 17.3.32811.315
MinimumVisualStudioVersion = 10.0.40219.1
Project("{9A19103F-16F7-4668-BE54-9A1E7A4F7556}") = "Hospital-Management-WebAPI", "Hospital-Management-WebAPI\Hospital-Management-WebAPI.csproj", "{87AE450E-4378-4245-9674-A1F8980C17B1}"
EndProject
Project("{FAE04EC0-301F-11D3-BF4B-00C04F79EFBC}") = "Business_Logic_Layer", "Business_Logic_Layer\Business_Logic_Layer.csproj", "{86AC04BE-0A83-4E75-8A5B-622FCDEED316}"
EndProject
Project("{FAE04EC0-301F-11D3-BF4B-00C04F79EFBC}") = "Data_Access_Layer", "Data_Access_Layer\Data_Access_Layer.csproj", "{3123D889-7B25-41BF-BE3B-6D1CC25AC46C}"
EndProject
Project("{FAE04EC0-301F-11D3-BF4B-00C04F79EFBC}") = "Entity_Layer", "Entity Layer\Entity_Layer.csproj", "{43389DCE-04C0-4F20-A73E-541B0FB0CC2B}"
EndProject
Project("{FAE04EC0-301F-11D3-BF4B-00C04F79EFBC}") = "Model_class", "Model class\Model_class.csproj", "{4CD1C15E-5F4A-4A7E-9FBD-EC45908BE7D3}"
EndProject
Global
	GlobalSection(SolutionConfigurationPlatforms) = preSolution
		Debug|Any CPU = Debug|Any CPU
		Release|Any CPU = Release|Any CPU
	EndGlobalSection
	GlobalSection(ProjectConfigurationPlatforms) = postSolution
		{87AE450E-4378-4245-9674-A1F8980C17B1}.Debug|Any CPU.ActiveCfg = Debug|Any CPU
		{87AE450E-4378-4245-9674-A1F8980C17B1}.Debug|Any CPU.Build.0 = Debug|Any CPU
		{87AE450E-4378-4245-9674-A1F8980C17B1}.Release|Any CPU.ActiveCfg = Release|Any CPU
		{87AE450E-4378-4245-9674-A1F8980C17B1}.Release|Any CPU.Build.0 = Release|Any CPU
		{86AC04BE-0A83-4E75-8A5B-622FCDEED316}.Debug|Any CPU.ActiveCfg = Debug|Any CPU
		{86AC04BE-0A83-4E75-8A5B-622FCDEED316}.Debug|Any CPU.Build.0 = Debug|Any CPU
		{86AC04BE-0A83-4E75-8A5B-622FCDEED316}.Release|Any CPU.ActiveCfg = Release|Any CPU
		{86AC04BE-0A83-4E75-8A5B-622FCDEED316}.Release|Any CPU.Build.0 = Release|Any CPU
		{3123D889-7B25-41BF-BE3B-6D1CC25AC46C}.Debug|Any CPU.ActiveCfg = Debug|Any CPU
		{3123D889-7B25-41BF-BE3B-6D1CC25AC46C}.Debug|Any CPU.Build.0 = Debug|Any CPU
		{3123D889-7B25-41BF-BE3B-6D1CC25AC46C}.Release|Any CPU.ActiveCfg = Release|Any CPU
		{3123D889-7B25-41BF-BE3B-6D1CC25AC46C}.Release|Any CPU.Build.0 = Release|Any CPU
		{43389DCE-04C0-4F20-A73E-541B0FB0CC2B}.Debug|Any CPU.ActiveCfg = Debug|Any CPU
		{43389DCE-04C0-4F20-A73E-541B0FB0CC2B}.Debug|Any CPU.Build.0 = Debug|Any CPU
		{43389DCE-04C0-4F20-A73E-541B0FB0CC2B}.Release|Any CPU.ActiveCfg = Release|Any CPU
		{43389DCE-04C0-4F20-A73E-541B0FB0CC2B}.Release|Any CPU.Build.0 = Release|Any CPU
		{4CD1C15E-5F4A-4A7E-9FBD-EC45908BE7D3}.Debug|Any CPU.ActiveCfg = Debug|Any CPU
		{4CD1C15E-5F4A-4A7E-9FBD-EC45908BE7D3}.Debug|Any CPU.Build.0 = Debug|Any CPU
		{4CD1C15E-5F4A-4A7E-9FBD-EC45908BE7D3}.Release|Any CPU.ActiveCfg = Release|Any CPU
		{4CD1C15E-5F4A-4A7E-9FBD-EC45908BE7D3}.Release|Any CPU.Build.0 = Release|Any CPU
	EndGlobalSection
	GlobalSection(SolutionProperties) = preSolution
		HideSolutionNode = FALSE
	EndGlobalSection
	GlobalSection(ExtensibilityGlobals) = postSolution
		SolutionGuid = {2FCFF07A-65D7-4486-8118-E5DC443FEEB8}
	EndGlobalSection
EndGlobal
